PODS:
  - CocoaAsyncSocket (7.3.4)
  - CocoaHTTPServer (2.3):
    - CocoaAsyncSocket
    - CocoaLumberjack
  - CocoaLumberjack (1.8.1):
    - CocoaLumberjack/Extensions
  - CocoaLumberjack/Core (1.8.1)
  - CocoaLumberjack/Extensions (1.8.1):
    - CocoaLumberjack/Core
  - GHUnitIOS (0.5.8)
  - OCMock (2.2.3)

DEPENDENCIES:
  - CocoaHTTPServer (>= 2.3)
  - GHUnitIOS
  - OCMock

SPEC CHECKSUMS:
  CocoaAsyncSocket: 534d09416f992fd51efb23f534742ce70b3a7999
  CocoaHTTPServer: 7c2fce6617f7fda0e3f4fc34f96e562caa7c7bd8
  CocoaLumberjack: 020378ec400d658923bf5887178394f65f052c90
  GHUnitIOS: 23167e22b8abe162d71f86bd4bda7550e53414cb
  OCMock: 74e4ddbcef134170dcc844f91c691f13868075d7

COCOAPODS: 0.29.0
