// !$*UTF8*$!
{
	archiveVersion = 1;
	classes = {
	};
	objectVersion = 46;
	objects = {

/* Begin PBXBuildFile section */
		210F55F014FC164D00E90D38 /* UIKit.framework in Frameworks */ = {isa = PBXBuildFile; fileRef = 210F55EF14FC164D00E90D38 /* UIKit.framework */; };
		210F55F114FC164D00E90D38 /* Foundation.framework in Frameworks */ = {isa = PBXBuildFile; fileRef = B93943ED14FA1E57008A8D8C /* Foundation.framework */; };
		210F55F314FC164D00E90D38 /* CoreGraphics.framework in Frameworks */ = {isa = PBXBuildFile; fileRef = 210F55F214FC164D00E90D38 /* CoreGraphics.framework */; };
		210F55F914FC164D00E90D38 /* InfoPlist.strings in Resources */ = {isa = PBXBuildFile; fileRef = 210F55F714FC164D00E90D38 /* InfoPlist.strings */; };
		210F55FB14FC164D00E90D38 /* main.m in Sources */ = {isa = PBXBuildFile; fileRef = 210F55FA14FC164D00E90D38 /* main.m */; };
		210F562214FC177300E90D38 /* CFNetwork.framework in Frameworks */ = {isa = PBXBuildFile; fileRef = 210F562114FC177300E90D38 /* CFNetwork.framework */; };
		210F562314FC177800E90D38 /* CFNetwork.framework in Frameworks */ = {isa = PBXBuildFile; fileRef = 210F562114FC177300E90D38 /* CFNetwork.framework */; };
		210F562614FC1A9D00E90D38 /* NLTHTTPStubResponse.h in Headers */ = {isa = PBXBuildFile; fileRef = 210F562414FC1A9D00E90D38 /* NLTHTTPStubResponse.h */; };
		210F562714FC1A9D00E90D38 /* NLTHTTPStubResponse.m in Sources */ = {isa = PBXBuildFile; fileRef = 210F562514FC1A9D00E90D38 /* NLTHTTPStubResponse.m */; };
		210F562814FC1A9D00E90D38 /* NLTHTTPStubResponse.m in Sources */ = {isa = PBXBuildFile; fileRef = 210F562514FC1A9D00E90D38 /* NLTHTTPStubResponse.m */; };
		210F563414FC1C3600E90D38 /* NLTHGlobalSettings.h in Headers */ = {isa = PBXBuildFile; fileRef = 210F563214FC1C3600E90D38 /* NLTHGlobalSettings.h */; };
		210F563514FC1C3600E90D38 /* NLTHGlobalSettings.m in Sources */ = {isa = PBXBuildFile; fileRef = 210F563314FC1C3600E90D38 /* NLTHGlobalSettings.m */; };
		210F563614FC1C3600E90D38 /* NLTHGlobalSettings.m in Sources */ = {isa = PBXBuildFile; fileRef = 210F563314FC1C3600E90D38 /* NLTHGlobalSettings.m */; };
		210F563914FC1F5300E90D38 /* NLTHTTPStubConnection.h in Headers */ = {isa = PBXBuildFile; fileRef = 210F563714FC1F5300E90D38 /* NLTHTTPStubConnection.h */; };
		210F563A14FC1F5300E90D38 /* NLTHTTPStubConnection.m in Sources */ = {isa = PBXBuildFile; fileRef = 210F563814FC1F5300E90D38 /* NLTHTTPStubConnection.m */; };
		210F563B14FC1F5300E90D38 /* NLTHTTPStubConnection.m in Sources */ = {isa = PBXBuildFile; fileRef = 210F563814FC1F5300E90D38 /* NLTHTTPStubConnection.m */; };
		210F563E14FC22E000E90D38 /* NLTHTTPStubServerTest.m in Sources */ = {isa = PBXBuildFile; fileRef = 210F563D14FC22E000E90D38 /* NLTHTTPStubServerTest.m */; };
		210F563F14FC270000E90D38 /* NLTHTTPStubServer.m in Sources */ = {isa = PBXBuildFile; fileRef = B93943F314FA1E57008A8D8C /* NLTHTTPStubServer.m */; };
		210F564514FC37A400E90D38 /* NLTHTTPStubResponseTest.m in Sources */ = {isa = PBXBuildFile; fileRef = 210F564414FC37A400E90D38 /* NLTHTTPStubResponseTest.m */; };
		210F564A14FC3E3D00E90D38 /* NLTHTTPStubConnetionTest.m in Sources */ = {isa = PBXBuildFile; fileRef = 210F564914FC3E3C00E90D38 /* NLTHTTPStubConnetionTest.m */; };
		210F568314FC5BDC00E90D38 /* MobileCoreServices.framework in Frameworks */ = {isa = PBXBuildFile; fileRef = 210F568214FC5BDC00E90D38 /* MobileCoreServices.framework */; };
		210F568514FC5BFD00E90D38 /* SystemConfiguration.framework in Frameworks */ = {isa = PBXBuildFile; fileRef = 210F568414FC5BFC00E90D38 /* SystemConfiguration.framework */; };
		210F568714FC5CD500E90D38 /* libz.dylib in Frameworks */ = {isa = PBXBuildFile; fileRef = 210F568614FC5CD400E90D38 /* libz.dylib */; };
		212C89391508F0E200F2FDBD /* NLTHTTPDataStubResponse.h in Headers */ = {isa = PBXBuildFile; fileRef = 212C89371508F0E200F2FDBD /* NLTHTTPDataStubResponse.h */; };
		212C893A1508F0E200F2FDBD /* NLTHTTPDataStubResponse.m in Sources */ = {isa = PBXBuildFile; fileRef = 212C89381508F0E200F2FDBD /* NLTHTTPDataStubResponse.m */; };
		212C893B1508F0E200F2FDBD /* NLTHTTPDataStubResponse.m in Sources */ = {isa = PBXBuildFile; fileRef = 212C89381508F0E200F2FDBD /* NLTHTTPDataStubResponse.m */; };
		212C893E1508F4CD00F2FDBD /* NLTHTTPDataStubResponseTest.m in Sources */ = {isa = PBXBuildFile; fileRef = 212C893D1508F4CD00F2FDBD /* NLTHTTPDataStubResponseTest.m */; };
		35BBB69AF42F46A4A77CBCD8 /* libPods.a in Frameworks */ = {isa = PBXBuildFile; fileRef = 4F8710FB411A4046B60DBB67 /* libPods.a */; };
		B93943EE14FA1E57008A8D8C /* Foundation.framework in Frameworks */ = {isa = PBXBuildFile; fileRef = B93943ED14FA1E57008A8D8C /* Foundation.framework */; };
		B93943F414FA1E57008A8D8C /* NLTHTTPStubServer.m in Sources */ = {isa = PBXBuildFile; fileRef = B93943F314FA1E57008A8D8C /* NLTHTTPStubServer.m */; };
		B93EEF22154D691A00914A7D /* Security.framework in Frameworks */ = {isa = PBXBuildFile; fileRef = B93EEF21154D691900914A7D /* Security.framework */; };
		B93EEF24154D697400914A7D /* CoreLocation.framework in Frameworks */ = {isa = PBXBuildFile; fileRef = B93EEF23154D697400914A7D /* CoreLocation.framework */; };
		B93EEF26154E8D6500914A7D /* libxml2.dylib in Frameworks */ = {isa = PBXBuildFile; fileRef = B93EEF25154E8D6500914A7D /* libxml2.dylib */; };
		B955BF1115480A9A004717E5 /* NLTSConsts.h in Headers */ = {isa = PBXBuildFile; fileRef = B955BF1015480A9A004717E5 /* NLTSConsts.h */; };
		B99E973F1722BCAC00F4E6A0 /* test.json in Resources */ = {isa = PBXBuildFile; fileRef = B99E973D1722BCAC00F4E6A0 /* test.json */; };
		B99E97401722BCAC00F4E6A0 /* test.txt in Resources */ = {isa = PBXBuildFile; fileRef = B99E973E1722BCAC00F4E6A0 /* test.txt */; };
		B9BD480515F273BD00DBAA04 /* NLTPath.h in Headers */ = {isa = PBXBuildFile; fileRef = B9BD480315F273BD00DBAA04 /* NLTPath.h */; };
		B9BD480615F273BD00DBAA04 /* NLTPath.m in Sources */ = {isa = PBXBuildFile; fileRef = B9BD480415F273BD00DBAA04 /* NLTPath.m */; };
		B9BD480715F273BD00DBAA04 /* NLTPath.m in Sources */ = {isa = PBXBuildFile; fileRef = B9BD480415F273BD00DBAA04 /* NLTPath.m */; };
		B9BD480A15F27D2500DBAA04 /* NLTPathTest.m in Sources */ = {isa = PBXBuildFile; fileRef = B9BD480915F27D2400DBAA04 /* NLTPathTest.m */; };
		BA89A7D320144FD89486A7F6 /* libPods.a in Frameworks */ = {isa = PBXBuildFile; fileRef = 4F8710FB411A4046B60DBB67 /* libPods.a */; };
		F2B7CAD417207CAA00099197 /* QuartzCore.framework in Frameworks */ = {isa = PBXBuildFile; fileRef = F2B7CAD317207CAA00099197 /* QuartzCore.framework */; };
		F2B7CAD617209EE000099197 /* WithNSURLConnectionTest.m in Sources */ = {isa = PBXBuildFile; fileRef = F2B7CAD517209EE000099197 /* WithNSURLConnectionTest.m */; };
		F2B7CAD81720A4AF00099197 /* fake.json in Resources */ = {isa = PBXBuildFile; fileRef = F2B7CAD71720A4AF00099197 /* fake.json */; };
/* End PBXBuildFile section */

/* Begin PBXFileReference section */
		210F55ED14FC164C00E90D38 /* NLTHTTPStubServerTests.app */ = {isa = PBXFileReference; explicitFileType = wrapper.application; includeInIndex = 0; path = NLTHTTPStubServerTests.app; sourceTree = BUILT_PRODUCTS_DIR; };
		210F55EF14FC164D00E90D38 /* UIKit.framework */ = {isa = PBXFileReference; lastKnownFileType = wrapper.framework; name = UIKit.framework; path = System/Library/Frameworks/UIKit.framework; sourceTree = SDKROOT; };
		210F55F214FC164D00E90D38 /* CoreGraphics.framework */ = {isa = PBXFileReference; lastKnownFileType = wrapper.framework; name = CoreGraphics.framework; path = System/Library/Frameworks/CoreGraphics.framework; sourceTree = SDKROOT; };
		210F55F614FC164D00E90D38 /* NLTHTTPStubServerTests-Info.plist */ = {isa = PBXFileReference; lastKnownFileType = text.plist.xml; path = "NLTHTTPStubServerTests-Info.plist"; sourceTree = "<group>"; };
		210F55F814FC164D00E90D38 /* en */ = {isa = PBXFileReference; lastKnownFileType = text.plist.strings; name = en; path = en.lproj/InfoPlist.strings; sourceTree = "<group>"; };
		210F55FA14FC164D00E90D38 /* main.m */ = {isa = PBXFileReference; lastKnownFileType = sourcecode.c.objc; path = main.m; sourceTree = "<group>"; };
		210F55FC14FC164D00E90D38 /* NLTHTTPStubServerTests-Prefix.pch */ = {isa = PBXFileReference; lastKnownFileType = sourcecode.c.h; path = "NLTHTTPStubServerTests-Prefix.pch"; sourceTree = "<group>"; };
		210F562114FC177300E90D38 /* CFNetwork.framework */ = {isa = PBXFileReference; lastKnownFileType = wrapper.framework; name = CFNetwork.framework; path = System/Library/Frameworks/CFNetwork.framework; sourceTree = SDKROOT; };
		210F562414FC1A9D00E90D38 /* NLTHTTPStubResponse.h */ = {isa = PBXFileReference; fileEncoding = 4; lastKnownFileType = sourcecode.c.h; path = NLTHTTPStubResponse.h; sourceTree = "<group>"; };
		210F562514FC1A9D00E90D38 /* NLTHTTPStubResponse.m */ = {isa = PBXFileReference; fileEncoding = 4; lastKnownFileType = sourcecode.c.objc; path = NLTHTTPStubResponse.m; sourceTree = "<group>"; };
		210F563214FC1C3600E90D38 /* NLTHGlobalSettings.h */ = {isa = PBXFileReference; fileEncoding = 4; lastKnownFileType = sourcecode.c.h; path = NLTHGlobalSettings.h; sourceTree = "<group>"; };
		210F563314FC1C3600E90D38 /* NLTHGlobalSettings.m */ = {isa = PBXFileReference; fileEncoding = 4; lastKnownFileType = sourcecode.c.objc; path = NLTHGlobalSettings.m; sourceTree = "<group>"; };
		210F563714FC1F5300E90D38 /* NLTHTTPStubConnection.h */ = {isa = PBXFileReference; fileEncoding = 4; lastKnownFileType = sourcecode.c.h; path = NLTHTTPStubConnection.h; sourceTree = "<group>"; };
		210F563814FC1F5300E90D38 /* NLTHTTPStubConnection.m */ = {isa = PBXFileReference; fileEncoding = 4; lastKnownFileType = sourcecode.c.objc; path = NLTHTTPStubConnection.m; sourceTree = "<group>"; };
		210F563C14FC22E000E90D38 /* NLTHTTPStubServerTest.h */ = {isa = PBXFileReference; fileEncoding = 4; lastKnownFileType = sourcecode.c.h; path = NLTHTTPStubServerTest.h; sourceTree = "<group>"; };
		210F563D14FC22E000E90D38 /* NLTHTTPStubServerTest.m */ = {isa = PBXFileReference; fileEncoding = 4; lastKnownFileType = sourcecode.c.objc; path = NLTHTTPStubServerTest.m; sourceTree = "<group>"; };
		210F564314FC37A400E90D38 /* NLTHTTPStubResponseTest.h */ = {isa = PBXFileReference; fileEncoding = 4; lastKnownFileType = sourcecode.c.h; path = NLTHTTPStubResponseTest.h; sourceTree = "<group>"; };
		210F564414FC37A400E90D38 /* NLTHTTPStubResponseTest.m */ = {isa = PBXFileReference; fileEncoding = 4; lastKnownFileType = sourcecode.c.objc; path = NLTHTTPStubResponseTest.m; sourceTree = "<group>"; };
		210F564814FC3E3C00E90D38 /* NLTHTTPStubConnetionTest.h */ = {isa = PBXFileReference; fileEncoding = 4; lastKnownFileType = sourcecode.c.h; path = NLTHTTPStubConnetionTest.h; sourceTree = "<group>"; };
		210F564914FC3E3C00E90D38 /* NLTHTTPStubConnetionTest.m */ = {isa = PBXFileReference; fileEncoding = 4; lastKnownFileType = sourcecode.c.objc; path = NLTHTTPStubConnetionTest.m; sourceTree = "<group>"; };
		210F568214FC5BDC00E90D38 /* MobileCoreServices.framework */ = {isa = PBXFileReference; lastKnownFileType = wrapper.framework; name = MobileCoreServices.framework; path = System/Library/Frameworks/MobileCoreServices.framework; sourceTree = SDKROOT; };
		210F568414FC5BFC00E90D38 /* SystemConfiguration.framework */ = {isa = PBXFileReference; lastKnownFileType = wrapper.framework; name = SystemConfiguration.framework; path = System/Library/Frameworks/SystemConfiguration.framework; sourceTree = SDKROOT; };
		210F568614FC5CD400E90D38 /* libz.dylib */ = {isa = PBXFileReference; lastKnownFileType = "compiled.mach-o.dylib"; name = libz.dylib; path = usr/lib/libz.dylib; sourceTree = SDKROOT; };
		212C89371508F0E200F2FDBD /* NLTHTTPDataStubResponse.h */ = {isa = PBXFileReference; fileEncoding = 4; lastKnownFileType = sourcecode.c.h; path = NLTHTTPDataStubResponse.h; sourceTree = "<group>"; };
		212C89381508F0E200F2FDBD /* NLTHTTPDataStubResponse.m */ = {isa = PBXFileReference; fileEncoding = 4; lastKnownFileType = sourcecode.c.objc; path = NLTHTTPDataStubResponse.m; sourceTree = "<group>"; };
		212C893C1508F4CD00F2FDBD /* NLTHTTPDataStubResponseTest.h */ = {isa = PBXFileReference; fileEncoding = 4; lastKnownFileType = sourcecode.c.h; path = NLTHTTPDataStubResponseTest.h; sourceTree = "<group>"; };
		212C893D1508F4CD00F2FDBD /* NLTHTTPDataStubResponseTest.m */ = {isa = PBXFileReference; fileEncoding = 4; lastKnownFileType = sourcecode.c.objc; path = NLTHTTPDataStubResponseTest.m; sourceTree = "<group>"; };
		212C894A150916C200F2FDBD /* README.md */ = {isa = PBXFileReference; lastKnownFileType = text; path = README.md; sourceTree = "<group>"; };
		4F8710FB411A4046B60DBB67 /* libPods.a */ = {isa = PBXFileReference; explicitFileType = archive.ar; includeInIndex = 0; path = libPods.a; sourceTree = BUILT_PRODUCTS_DIR; };
		803EAECA4F454248913EEB50 /* Pods.xcconfig */ = {isa = PBXFileReference; lastKnownFileType = text.xcconfig; name = Pods.xcconfig; path = Pods/Pods.xcconfig; sourceTree = SOURCE_ROOT; };
		B93943EA14FA1E57008A8D8C /* libNLTHTTPStubServer.a */ = {isa = PBXFileReference; explicitFileType = archive.ar; includeInIndex = 0; path = libNLTHTTPStubServer.a; sourceTree = BUILT_PRODUCTS_DIR; };
		B93943ED14FA1E57008A8D8C /* Foundation.framework */ = {isa = PBXFileReference; lastKnownFileType = wrapper.framework; name = Foundation.framework; path = System/Library/Frameworks/Foundation.framework; sourceTree = SDKROOT; };
		B93943F114FA1E57008A8D8C /* NLTHTTPStubServer-Prefix.pch */ = {isa = PBXFileReference; lastKnownFileType = sourcecode.c.h; path = "NLTHTTPStubServer-Prefix.pch"; sourceTree = "<group>"; };
		B93943F214FA1E57008A8D8C /* NLTHTTPStubServer.h */ = {isa = PBXFileReference; lastKnownFileType = sourcecode.c.h; path = NLTHTTPStubServer.h; sourceTree = "<group>"; };
		B93943F314FA1E57008A8D8C /* NLTHTTPStubServer.m */ = {isa = PBXFileReference; lastKnownFileType = sourcecode.c.objc; path = NLTHTTPStubServer.m; sourceTree = "<group>"; };
		B93EEF21154D691900914A7D /* Security.framework */ = {isa = PBXFileReference; lastKnownFileType = wrapper.framework; name = Security.framework; path = System/Library/Frameworks/Security.framework; sourceTree = SDKROOT; };
		B93EEF23154D697400914A7D /* CoreLocation.framework */ = {isa = PBXFileReference; lastKnownFileType = wrapper.framework; name = CoreLocation.framework; path = System/Library/Frameworks/CoreLocation.framework; sourceTree = SDKROOT; };
		B93EEF25154E8D6500914A7D /* libxml2.dylib */ = {isa = PBXFileReference; lastKnownFileType = "compiled.mach-o.dylib"; name = libxml2.dylib; path = usr/lib/libxml2.dylib; sourceTree = SDKROOT; };
		B955BF1015480A9A004717E5 /* NLTSConsts.h */ = {isa = PBXFileReference; fileEncoding = 4; lastKnownFileType = sourcecode.c.h; path = NLTSConsts.h; sourceTree = "<group>"; };
		B99E973D1722BCAC00F4E6A0 /* test.json */ = {isa = PBXFileReference; fileEncoding = 4; lastKnownFileType = text.json; path = test.json; sourceTree = "<group>"; };
		B99E973E1722BCAC00F4E6A0 /* test.txt */ = {isa = PBXFileReference; fileEncoding = 4; lastKnownFileType = text; path = test.txt; sourceTree = "<group>"; };
		B9BD480315F273BD00DBAA04 /* NLTPath.h */ = {isa = PBXFileReference; fileEncoding = 4; lastKnownFileType = sourcecode.c.h; path = NLTPath.h; sourceTree = "<group>"; };
		B9BD480415F273BD00DBAA04 /* NLTPath.m */ = {isa = PBXFileReference; fileEncoding = 4; lastKnownFileType = sourcecode.c.objc; path = NLTPath.m; sourceTree = "<group>"; };
		B9BD480915F27D2400DBAA04 /* NLTPathTest.m */ = {isa = PBXFileReference; fileEncoding = 4; lastKnownFileType = sourcecode.c.objc; path = NLTPathTest.m; sourceTree = "<group>"; };
		F2B7CAD317207CAA00099197 /* QuartzCore.framework */ = {isa = PBXFileReference; lastKnownFileType = wrapper.framework; name = QuartzCore.framework; path = System/Library/Frameworks/QuartzCore.framework; sourceTree = SDKROOT; };
		F2B7CAD517209EE000099197 /* WithNSURLConnectionTest.m */ = {isa = PBXFileReference; fileEncoding = 4; lastKnownFileType = sourcecode.c.objc; path = WithNSURLConnectionTest.m; sourceTree = "<group>"; };
		F2B7CAD71720A4AF00099197 /* fake.json */ = {isa = PBXFileReference; fileEncoding = 4; lastKnownFileType = text.json; path = fake.json; sourceTree = "<group>"; };
/* End PBXFileReference section */

/* Begin PBXFrameworksBuildPhase section */
		210F55EA14FC164C00E90D38 /* Frameworks */ = {
			isa = PBXFrameworksBuildPhase;
			buildActionMask = 2147483647;
			files = (
				F2B7CAD417207CAA00099197 /* QuartzCore.framework in Frameworks */,
				B93EEF26154E8D6500914A7D /* libxml2.dylib in Frameworks */,
				B93EEF24154D697400914A7D /* CoreLocation.framework in Frameworks */,
				B93EEF22154D691A00914A7D /* Security.framework in Frameworks */,
				210F568714FC5CD500E90D38 /* libz.dylib in Frameworks */,
				210F568514FC5BFD00E90D38 /* SystemConfiguration.framework in Frameworks */,
				210F568314FC5BDC00E90D38 /* MobileCoreServices.framework in Frameworks */,
				210F562314FC177800E90D38 /* CFNetwork.framework in Frameworks */,
				210F55F014FC164D00E90D38 /* UIKit.framework in Frameworks */,
				210F55F114FC164D00E90D38 /* Foundation.framework in Frameworks */,
				210F55F314FC164D00E90D38 /* CoreGraphics.framework in Frameworks */,
				35BBB69AF42F46A4A77CBCD8 /* libPods.a in Frameworks */,
			);
			runOnlyForDeploymentPostprocessing = 0;
		};
		B93943E714FA1E57008A8D8C /* Frameworks */ = {
			isa = PBXFrameworksBuildPhase;
			buildActionMask = 2147483647;
			files = (
				210F562214FC177300E90D38 /* CFNetwork.framework in Frameworks */,
				B93943EE14FA1E57008A8D8C /* Foundation.framework in Frameworks */,
				BA89A7D320144FD89486A7F6 /* libPods.a in Frameworks */,
			);
			runOnlyForDeploymentPostprocessing = 0;
		};
/* End PBXFrameworksBuildPhase section */

/* Begin PBXGroup section */
		210F55F414FC164D00E90D38 /* NLTHTTPStubServerTests */ = {
			isa = PBXGroup;
			children = (
				210F563C14FC22E000E90D38 /* NLTHTTPStubServerTest.h */,
				210F563D14FC22E000E90D38 /* NLTHTTPStubServerTest.m */,
				210F564314FC37A400E90D38 /* NLTHTTPStubResponseTest.h */,
				210F564414FC37A400E90D38 /* NLTHTTPStubResponseTest.m */,
				210F564814FC3E3C00E90D38 /* NLTHTTPStubConnetionTest.h */,
				210F564914FC3E3C00E90D38 /* NLTHTTPStubConnetionTest.m */,
				212C893C1508F4CD00F2FDBD /* NLTHTTPDataStubResponseTest.h */,
				212C893D1508F4CD00F2FDBD /* NLTHTTPDataStubResponseTest.m */,
				B9BD480915F27D2400DBAA04 /* NLTPathTest.m */,
				F2B7CAD517209EE000099197 /* WithNSURLConnectionTest.m */,
				210F55F514FC164D00E90D38 /* Supporting Files */,
			);
			path = NLTHTTPStubServerTests;
			sourceTree = "<group>";
		};
		210F55F514FC164D00E90D38 /* Supporting Files */ = {
			isa = PBXGroup;
			children = (
				B99E973D1722BCAC00F4E6A0 /* test.json */,
				B99E973E1722BCAC00F4E6A0 /* test.txt */,
				210F55F614FC164D00E90D38 /* NLTHTTPStubServerTests-Info.plist */,
				210F55F714FC164D00E90D38 /* InfoPlist.strings */,
				210F55FA14FC164D00E90D38 /* main.m */,
				210F55FC14FC164D00E90D38 /* NLTHTTPStubServerTests-Prefix.pch */,
				F2B7CAD71720A4AF00099197 /* fake.json */,
			);
			name = "Supporting Files";
			sourceTree = "<group>";
		};
		B93943DF14FA1E57008A8D8C = {
			isa = PBXGroup;
			children = (
				F2B7CAD317207CAA00099197 /* QuartzCore.framework */,
				B93943EF14FA1E57008A8D8C /* NLTHTTPStubServer */,
				210F55F414FC164D00E90D38 /* NLTHTTPStubServerTests */,
				B93943EC14FA1E57008A8D8C /* Frameworks */,
				B93943EB14FA1E57008A8D8C /* Products */,
				212C894A150916C200F2FDBD /* README.md */,
				803EAECA4F454248913EEB50 /* Pods.xcconfig */,
			);
			sourceTree = "<group>";
		};
		B93943EB14FA1E57008A8D8C /* Products */ = {
			isa = PBXGroup;
			children = (
				B93943EA14FA1E57008A8D8C /* libNLTHTTPStubServer.a */,
				210F55ED14FC164C00E90D38 /* NLTHTTPStubServerTests.app */,
			);
			name = Products;
			sourceTree = "<group>";
		};
		B93943EC14FA1E57008A8D8C /* Frameworks */ = {
			isa = PBXGroup;
			children = (
				B93EEF25154E8D6500914A7D /* libxml2.dylib */,
				210F568614FC5CD400E90D38 /* libz.dylib */,
				B93EEF23154D697400914A7D /* CoreLocation.framework */,
				B93EEF21154D691900914A7D /* Security.framework */,
				210F568414FC5BFC00E90D38 /* SystemConfiguration.framework */,
				210F568214FC5BDC00E90D38 /* MobileCoreServices.framework */,
				210F562114FC177300E90D38 /* CFNetwork.framework */,
				B93943ED14FA1E57008A8D8C /* Foundation.framework */,
				210F55EF14FC164D00E90D38 /* UIKit.framework */,
				210F55F214FC164D00E90D38 /* CoreGraphics.framework */,
				4F8710FB411A4046B60DBB67 /* libPods.a */,
			);
			name = Frameworks;
			sourceTree = "<group>";
		};
		B93943EF14FA1E57008A8D8C /* NLTHTTPStubServer */ = {
			isa = PBXGroup;
			children = (
				B955BF1015480A9A004717E5 /* NLTSConsts.h */,
				B93943F214FA1E57008A8D8C /* NLTHTTPStubServer.h */,
				B93943F314FA1E57008A8D8C /* NLTHTTPStubServer.m */,
				210F562414FC1A9D00E90D38 /* NLTHTTPStubResponse.h */,
				210F562514FC1A9D00E90D38 /* NLTHTTPStubResponse.m */,
				210F563214FC1C3600E90D38 /* NLTHGlobalSettings.h */,
				210F563314FC1C3600E90D38 /* NLTHGlobalSettings.m */,
				210F563714FC1F5300E90D38 /* NLTHTTPStubConnection.h */,
				210F563814FC1F5300E90D38 /* NLTHTTPStubConnection.m */,
				212C89371508F0E200F2FDBD /* NLTHTTPDataStubResponse.h */,
				212C89381508F0E200F2FDBD /* NLTHTTPDataStubResponse.m */,
				B9BD480315F273BD00DBAA04 /* NLTPath.h */,
				B9BD480415F273BD00DBAA04 /* NLTPath.m */,
				B93943F014FA1E57008A8D8C /* Supporting Files */,
			);
			path = NLTHTTPStubServer;
			sourceTree = "<group>";
		};
		B93943F014FA1E57008A8D8C /* Supporting Files */ = {
			isa = PBXGroup;
			children = (
				B93943F114FA1E57008A8D8C /* NLTHTTPStubServer-Prefix.pch */,
			);
			name = "Supporting Files";
			sourceTree = "<group>";
		};
/* End PBXGroup section */

/* Begin PBXHeadersBuildPhase section */
		B93943E814FA1E57008A8D8C /* Headers */ = {
			isa = PBXHeadersBuildPhase;
			buildActionMask = 2147483647;
			files = (
				210F562614FC1A9D00E90D38 /* NLTHTTPStubResponse.h in Headers */,
				210F563414FC1C3600E90D38 /* NLTHGlobalSettings.h in Headers */,
				210F563914FC1F5300E90D38 /* NLTHTTPStubConnection.h in Headers */,
				212C89391508F0E200F2FDBD /* NLTHTTPDataStubResponse.h in Headers */,
				B955BF1115480A9A004717E5 /* NLTSConsts.h in Headers */,
				B9BD480515F273BD00DBAA04 /* NLTPath.h in Headers */,
			);
			runOnlyForDeploymentPostprocessing = 0;
		};
/* End PBXHeadersBuildPhase section */

/* Begin PBXNativeTarget section */
		210F55EC14FC164C00E90D38 /* NLTHTTPStubServerTests */ = {
			isa = PBXNativeTarget;
			buildConfigurationList = 210F560914FC164D00E90D38 /* Build configuration list for PBXNativeTarget "NLTHTTPStubServerTests" */;
			buildPhases = (
				210F55E914FC164C00E90D38 /* Sources */,
				210F55EA14FC164C00E90D38 /* Frameworks */,
				210F55EB14FC164C00E90D38 /* Resources */,
				3553DC13DEB84DF09B594A27 /* Copy Pods Resources */,
			);
			buildRules = (
			);
			dependencies = (
			);
			name = NLTHTTPStubServerTests;
			productName = NLTHTTPStubServerTests;
			productReference = 210F55ED14FC164C00E90D38 /* NLTHTTPStubServerTests.app */;
			productType = "com.apple.product-type.application";
		};
		B93943E914FA1E57008A8D8C /* NLTHTTPStubServer */ = {
			isa = PBXNativeTarget;
			buildConfigurationList = B93943F714FA1E57008A8D8C /* Build configuration list for PBXNativeTarget "NLTHTTPStubServer" */;
			buildPhases = (
				B93943E614FA1E57008A8D8C /* Sources */,
				B93943E714FA1E57008A8D8C /* Frameworks */,
				B93943E814FA1E57008A8D8C /* Headers */,
				3553DC13DEB84DF09B594A27 /* Copy Pods Resources */,
			);
			buildRules = (
			);
			dependencies = (
			);
			name = NLTHTTPStubServer;
			productName = NLTHTTPStubServer;
			productReference = B93943EA14FA1E57008A8D8C /* libNLTHTTPStubServer.a */;
			productType = "com.apple.product-type.library.static";
		};
/* End PBXNativeTarget section */

/* Begin PBXProject section */
		B93943E114FA1E57008A8D8C /* Project object */ = {
			isa = PBXProject;
			attributes = {
				LastUpgradeCheck = 0420;
			};
			buildConfigurationList = B93943E414FA1E57008A8D8C /* Build configuration list for PBXProject "NLTHTTPStubServer" */;
			compatibilityVersion = "Xcode 3.2";
			developmentRegion = English;
			hasScannedForEncodings = 0;
			knownRegions = (
				en,
			);
			mainGroup = B93943DF14FA1E57008A8D8C;
			productRefGroup = B93943EB14FA1E57008A8D8C /* Products */;
			projectDirPath = "";
			projectRoot = "";
			targets = (
				B93943E914FA1E57008A8D8C /* NLTHTTPStubServer */,
				210F55EC14FC164C00E90D38 /* NLTHTTPStubServerTests */,
			);
		};
/* End PBXProject section */

/* Begin PBXResourcesBuildPhase section */
		210F55EB14FC164C00E90D38 /* Resources */ = {
			isa = PBXResourcesBuildPhase;
			buildActionMask = 2147483647;
			files = (
				210F55F914FC164D00E90D38 /* InfoPlist.strings in Resources */,
				F2B7CAD81720A4AF00099197 /* fake.json in Resources */,
				B99E973F1722BCAC00F4E6A0 /* test.json in Resources */,
				B99E97401722BCAC00F4E6A0 /* test.txt in Resources */,
			);
			runOnlyForDeploymentPostprocessing = 0;
		};
/* End PBXResourcesBuildPhase section */

/* Begin PBXShellScriptBuildPhase section */
		3553DC13DEB84DF09B594A27 /* Copy Pods Resources */ = {
			isa = PBXShellScriptBuildPhase;
			buildActionMask = 2147483647;
			files = (
			);
			inputPaths = (
			);
			name = "Copy Pods Resources";
			outputPaths = (
			);
			runOnlyForDeploymentPostprocessing = 0;
			shellPath = /bin/sh;
			shellScript = "\"${SRCROOT}/Pods/Pods-resources.sh\"\n";
		};
/* End PBXShellScriptBuildPhase section */

/* Begin PBXSourcesBuildPhase section */
		210F55E914FC164C00E90D38 /* Sources */ = {
			isa = PBXSourcesBuildPhase;
			buildActionMask = 2147483647;
			files = (
				210F55FB14FC164D00E90D38 /* main.m in Sources */,
				210F562814FC1A9D00E90D38 /* NLTHTTPStubResponse.m in Sources */,
				210F563614FC1C3600E90D38 /* NLTHGlobalSettings.m in Sources */,
				210F563B14FC1F5300E90D38 /* NLTHTTPStubConnection.m in Sources */,
				210F563E14FC22E000E90D38 /* NLTHTTPStubServerTest.m in Sources */,
				210F563F14FC270000E90D38 /* NLTHTTPStubServer.m in Sources */,
				210F564514FC37A400E90D38 /* NLTHTTPStubResponseTest.m in Sources */,
				210F564A14FC3E3D00E90D38 /* NLTHTTPStubConnetionTest.m in Sources */,
				212C893B1508F0E200F2FDBD /* NLTHTTPDataStubResponse.m in Sources */,
				212C893E1508F4CD00F2FDBD /* NLTHTTPDataStubResponseTest.m in Sources */,
				B9BD480715F273BD00DBAA04 /* NLTPath.m in Sources */,
				B9BD480A15F27D2500DBAA04 /* NLTPathTest.m in Sources */,
				F2B7CAD617209EE000099197 /* WithNSURLConnectionTest.m in Sources */,
			);
			runOnlyForDeploymentPostprocessing = 0;
		};
		B93943E614FA1E57008A8D8C /* Sources */ = {
			isa = PBXSourcesBuildPhase;
			buildActionMask = 2147483647;
			files = (
				B93943F414FA1E57008A8D8C /* NLTHTTPStubServer.m in Sources */,
				210F562714FC1A9D00E90D38 /* NLTHTTPStubResponse.m in Sources */,
				210F563514FC1C3600E90D38 /* NLTHGlobalSettings.m in Sources */,
				210F563A14FC1F5300E90D38 /* NLTHTTPStubConnection.m in Sources */,
				212C893A1508F0E200F2FDBD /* NLTHTTPDataStubResponse.m in Sources */,
				B9BD480615F273BD00DBAA04 /* NLTPath.m in Sources */,
			);
			runOnlyForDeploymentPostprocessing = 0;
		};
/* End PBXSourcesBuildPhase section */

/* Begin PBXVariantGroup section */
		210F55F714FC164D00E90D38 /* InfoPlist.strings */ = {
			isa = PBXVariantGroup;
			children = (
				210F55F814FC164D00E90D38 /* en */,
			);
			name = InfoPlist.strings;
			sourceTree = "<group>";
		};
/* End PBXVariantGroup section */

/* Begin XCBuildConfiguration section */
		210F560A14FC164D00E90D38 /* Debug */ = {
			isa = XCBuildConfiguration;
			baseConfigurationReference = 803EAECA4F454248913EEB50 /* Pods.xcconfig */;
			buildSettings = {
				CLANG_ENABLE_OBJC_ARC = YES;
				"CODE_SIGN_IDENTITY[sdk=iphoneos*]" = "iPhone Developer";
				DSTROOT = /tmp/xcodeproj.dst;
				FRAMEWORK_SEARCH_PATHS = "$(inherited)";
				GCC_PRECOMPILE_PREFIX_HEADER = YES;
				GCC_PREFIX_HEADER = "NLTHTTPStubServerTests/NLTHTTPStubServerTests-Prefix.pch";
				GCC_VERSION = com.apple.compilers.llvm.clang.1_0;
				HEADER_SEARCH_PATHS = (
					"\"$(PODS_ROOT)/Headers\"",
					"$(SDKROOT)/usr/include/libxml2",
					"\"$(PODS_ROOT)/Headers/AFNetworking\"",
					"\"$(PODS_ROOT)/Headers/ASIHTTPRequest\"",
					"\"$(PODS_ROOT)/Headers/CocoaAsyncSocket\"",
					"\"$(PODS_ROOT)/Headers/CocoaHTTPServer\"",
					"\"$(PODS_ROOT)/Headers/CocoaLumberjack\"",
					"\"$(PODS_ROOT)/Headers/GHUnitIOS\"",
					"\"$(PODS_ROOT)/Headers/OCMock\"",
					"\"$(PODS_ROOT)/Headers/Reachability\"",
				);
				INFOPLIST_FILE = "NLTHTTPStubServerTests/NLTHTTPStubServerTests-Info.plist";
				LIBRARY_SEARCH_PATHS = "$(inherited)";
				OTHER_LDFLAGS = (
					"-all_load",
					"-ObjC",
				);
				PRODUCT_NAME = "$(TARGET_NAME)";
				SKIP_INSTALL = YES;
				TARGETED_DEVICE_FAMILY = "1,2";
				WRAPPER_EXTENSION = app;
			};
			name = Debug;
		};
		210F560B14FC164D00E90D38 /* Release */ = {
			isa = XCBuildConfiguration;
			baseConfigurationReference = 803EAECA4F454248913EEB50 /* Pods.xcconfig */;
			buildSettings = {
				CLANG_ENABLE_OBJC_ARC = YES;
				"CODE_SIGN_IDENTITY[sdk=iphoneos*]" = "iPhone Developer";
				DSTROOT = /tmp/xcodeproj.dst;
				FRAMEWORK_SEARCH_PATHS = "$(inherited)";
				GCC_PRECOMPILE_PREFIX_HEADER = YES;
				GCC_PREFIX_HEADER = "NLTHTTPStubServerTests/NLTHTTPStubServerTests-Prefix.pch";
				GCC_VERSION = com.apple.compilers.llvm.clang.1_0;
				HEADER_SEARCH_PATHS = (
					"\"$(PODS_ROOT)/Headers\"",
					"$(SDKROOT)/usr/include/libxml2",
					"\"$(PODS_ROOT)/Headers/AFNetworking\"",
					"\"$(PODS_ROOT)/Headers/ASIHTTPRequest\"",
					"\"$(PODS_ROOT)/Headers/CocoaAsyncSocket\"",
					"\"$(PODS_ROOT)/Headers/CocoaHTTPServer\"",
					"\"$(PODS_ROOT)/Headers/CocoaLumberjack\"",
					"\"$(PODS_ROOT)/Headers/GHUnitIOS\"",
					"\"$(PODS_ROOT)/Headers/OCMock\"",
					"\"$(PODS_ROOT)/Headers/Reachability\"",
				);
				INFOPLIST_FILE = "NLTHTTPStubServerTests/NLTHTTPStubServerTests-Info.plist";
				LIBRARY_SEARCH_PATHS = "$(inherited)";
				OTHER_CFLAGS = "-DNS_BLOCK_ASSERTIONS=1";
				OTHER_LDFLAGS = (
					"-all_load",
					"-ObjC",
				);
				PRODUCT_NAME = "$(TARGET_NAME)";
				SKIP_INSTALL = YES;
				TARGETED_DEVICE_FAMILY = "1,2";
				WRAPPER_EXTENSION = app;
			};
			name = Release;
		};
		B93943F514FA1E57008A8D8C /* Debug */ = {
			isa = XCBuildConfiguration;
			buildSettings = {
				ALWAYS_SEARCH_USER_PATHS = NO;
				ARCHS = "$(ARCHS_STANDARD_32_BIT)";
				COPY_PHASE_STRIP = NO;
				GCC_C_LANGUAGE_STANDARD = gnu99;
				GCC_DYNAMIC_NO_PIC = NO;
				GCC_OPTIMIZATION_LEVEL = 0;
				GCC_PREPROCESSOR_DEFINITIONS = (
					"DEBUG=1",
					"$(inherited)",
				);
				GCC_SYMBOLS_PRIVATE_EXTERN = NO;
				GCC_VERSION = com.apple.compilers.llvm.clang.1_0;
				GCC_WARN_ABOUT_MISSING_PROTOTYPES = YES;
				GCC_WARN_ABOUT_RETURN_TYPE = YES;
				GCC_WARN_UNUSED_VARIABLE = YES;
				IPHONEOS_DEPLOYMENT_TARGET = 5.0;
				SDKROOT = iphoneos;
			};
			name = Debug;
		};
		B93943F614FA1E57008A8D8C /* Release */ = {
			isa = XCBuildConfiguration;
			buildSettings = {
				ALWAYS_SEARCH_USER_PATHS = NO;
				ARCHS = "$(ARCHS_STANDARD_32_BIT)";
				COPY_PHASE_STRIP = YES;
				GCC_C_LANGUAGE_STANDARD = gnu99;
				GCC_VERSION = com.apple.compilers.llvm.clang.1_0;
				GCC_WARN_ABOUT_MISSING_PROTOTYPES = YES;
				GCC_WARN_ABOUT_RETURN_TYPE = YES;
				GCC_WARN_UNUSED_VARIABLE = YES;
				IPHONEOS_DEPLOYMENT_TARGET = 5.0;
				SDKROOT = iphoneos;
				VALIDATE_PRODUCT = YES;
			};
			name = Release;
		};
		B93943F814FA1E57008A8D8C /* Debug */ = {
			isa = XCBuildConfiguration;
			baseConfigurationReference = 803EAECA4F454248913EEB50 /* Pods.xcconfig */;
			buildSettings = {
				CLANG_ENABLE_OBJC_ARC = YES;
				DSTROOT = /tmp/NLTHTTPStubServer.dst;
				GCC_PRECOMPILE_PREFIX_HEADER = YES;
				GCC_PREFIX_HEADER = "NLTHTTPStubServer/NLTHTTPStubServer-Prefix.pch";
				GCC_VERSION = com.apple.compilers.llvm.clang.1_0;
				OTHER_LDFLAGS = "-ObjC";
				PRODUCT_NAME = "$(TARGET_NAME)";
				SKIP_INSTALL = YES;
			};
			name = Debug;
		};
		B93943F914FA1E57008A8D8C /* Release */ = {
			isa = XCBuildConfiguration;
			baseConfigurationReference = 803EAECA4F454248913EEB50 /* Pods.xcconfig */;
			buildSettings = {
				CLANG_ENABLE_OBJC_ARC = YES;
				DSTROOT = /tmp/NLTHTTPStubServer.dst;
				GCC_PRECOMPILE_PREFIX_HEADER = YES;
				GCC_PREFIX_HEADER = "NLTHTTPStubServer/NLTHTTPStubServer-Prefix.pch";
				GCC_VERSION = com.apple.compilers.llvm.clang.1_0;
				OTHER_LDFLAGS = "-ObjC";
				PRODUCT_NAME = "$(TARGET_NAME)";
				SKIP_INSTALL = YES;
			};
			name = Release;
		};
/* End XCBuildConfiguration section */

/* Begin XCConfigurationList section */
		210F560914FC164D00E90D38 /* Build configuration list for PBXNativeTarget "NLTHTTPStubServerTests" */ = {
			isa = XCConfigurationList;
			buildConfigurations = (
				210F560A14FC164D00E90D38 /* Debug */,
				210F560B14FC164D00E90D38 /* Release */,
			);
			defaultConfigurationIsVisible = 0;
			defaultConfigurationName = Release;
		};
		B93943E414FA1E57008A8D8C /* Build configuration list for PBXProject "NLTHTTPStubServer" */ = {
			isa = XCConfigurationList;
			buildConfigurations = (
				B93943F514FA1E57008A8D8C /* Debug */,
				B93943F614FA1E57008A8D8C /* Release */,
			);
			defaultConfigurationIsVisible = 0;
			defaultConfigurationName = Release;
		};
		B93943F714FA1E57008A8D8C /* Build configuration list for PBXNativeTarget "NLTHTTPStubServer" */ = {
			isa = XCConfigurationList;
			buildConfigurations = (
				B93943F814FA1E57008A8D8C /* Debug */,
				B93943F914FA1E57008A8D8C /* Release */,
			);
			defaultConfigurationIsVisible = 0;
			defaultConfigurationName = Release;
		};
/* End XCConfigurationList section */
	};
	rootObject = B93943E114FA1E57008A8D8C /* Project object */;
}
